
Microsoft Visual Studio Solution File, Format Version 12.00
# Visual Studio Version 17
VisualStudioVersion = 17.14.36401.2 d17.14
MinimumVisualStudioVersion = 10.0.40219.1
Project("{8BC9CEB8-8B4A-11D0-8D11-00A0C91BC942}") = "programação_estruturada", "programação_estruturada\programação_estruturada.vcxproj", "{961D6A15-5B5F-4EB6-B840-7BF4F66033A5}"
EndProject
Global
	GlobalSection(SolutionConfigurationPlatforms) = preSolution
		Debug|x64 = Debug|x64
		Debug|x86 = Debug|x86
		Release|x64 = Release|x64
		Release|x86 = Release|x86
	EndGlobalSection
	GlobalSection(ProjectConfigurationPlatforms) = postSolution
		{961D6A15-5B5F-4EB6-B840-7BF4F66033A5}.Debug|x64.ActiveCfg = Debug|x64
		{961D6A15-5B5F-4EB6-B840-7BF4F66033A5}.Debug|x64.Build.0 = Debug|x64
		{961D6A15-5B5F-4EB6-B840-7BF4F66033A5}.Debug|x86.ActiveCfg = Debug|Win32
		{961D6A15-5B5F-4EB6-B840-7BF4F66033A5}.Debug|x86.Build.0 = Debug|Win32
		{961D6A15-5B5F-4EB6-B840-7BF4F66033A5}.Release|x64.ActiveCfg = Release|x64
		{961D6A15-5B5F-4EB6-B840-7BF4F66033A5}.Release|x64.Build.0 = Release|x64
		{961D6A15-5B5F-4EB6-B840-7BF4F66033A5}.Release|x86.ActiveCfg = Release|Win32
		{961D6A15-5B5F-4EB6-B840-7BF4F66033A5}.Release|x86.Build.0 = Release|Win32
	EndGlobalSection
	GlobalSection(SolutionProperties) = preSolution
		HideSolutionNode = FALSE
	EndGlobalSection
	GlobalSection(ExtensibilityGlobals) = postSolution
		SolutionGuid = {9FE1469D-F99A-4F9C-939D-7A1A062E2D7B}
	EndGlobalSection
EndGlobal
